// !$*UTF8*$!
{
	archiveVersion = 1;
	classes = {
	};
	objectVersion = 50;
	objects = {

/* Begin PBXBuildFile section */
		37D33DFE9C5F4499FBEE77C8 /* Pods_DemoTests.framework in Frameworks */ = {isa = PBXBuildFile; fileRef = B1B4256EC91446AD755412F1 /* Pods_DemoTests.framework */; };
		5F0EBC82D7AE52330298ABAD /* Pods_Demo.framework in Frameworks */ = {isa = PBXBuildFile; fileRef = 8A9B2C57AE4A3DB893DA6A9D /* Pods_Demo.framework */; };
		B40351EF214599EB000DA66D /* PostDetailViewController.swift in Sources */ = {isa = PBXBuildFile; fileRef = B40351EE214599EB000DA66D /* PostDetailViewController.swift */; };
		B40351F22145B43F000DA66D /* IndieFlower.ttf in Resources */ = {isa = PBXBuildFile; fileRef = B40351F12145B43F000DA66D /* IndieFlower.ttf */; };
		B40351F42145D1D6000DA66D /* Endpoint.swift in Sources */ = {isa = PBXBuildFile; fileRef = B40351F32145D1D6000DA66D /* Endpoint.swift */; };
		B4035208214674EE000DA66D /* CodablePostTests.swift in Sources */ = {isa = PBXBuildFile; fileRef = B4035207214674EE000DA66D /* CodablePostTests.swift */; };
		B403520A21467518000DA66D /* CodableUserTests.swift in Sources */ = {isa = PBXBuildFile; fileRef = B403520921467518000DA66D /* CodableUserTests.swift */; };
		B403520C21467530000DA66D /* CodableCommentTests.swift in Sources */ = {isa = PBXBuildFile; fileRef = B403520B21467530000DA66D /* CodableCommentTests.swift */; };
		B40352142146BE3A000DA66D /* PostsEndpointsTests.swift in Sources */ = {isa = PBXBuildFile; fileRef = B40352132146BE3A000DA66D /* PostsEndpointsTests.swift */; };
		B403522521472A62000DA66D /* PostDetailView.swift in Sources */ = {isa = PBXBuildFile; fileRef = B403522421472A62000DA66D /* PostDetailView.swift */; };
		B403522821472B15000DA66D /* PostDetailViewModel.swift in Sources */ = {isa = PBXBuildFile; fileRef = B403522721472B15000DA66D /* PostDetailViewModel.swift */; };
		B40E46A321695DE2003CCE90 /* CDUser+CoreDataProperties.swift in Sources */ = {isa = PBXBuildFile; fileRef = B40E469D21695DE2003CCE90 /* CDUser+CoreDataProperties.swift */; };
		B40E46A521695DE2003CCE90 /* CDPost+CoreDataProperties.swift in Sources */ = {isa = PBXBuildFile; fileRef = B40E469F21695DE2003CCE90 /* CDPost+CoreDataProperties.swift */; };
		B40E46A721695DE2003CCE90 /* CDComment+CoreDataProperties.swift in Sources */ = {isa = PBXBuildFile; fileRef = B40E46A121695DE2003CCE90 /* CDComment+CoreDataProperties.swift */; };
		B40E46B021695EEA003CCE90 /* CDPostTests.swift in Sources */ = {isa = PBXBuildFile; fileRef = B40E46AB21695EEA003CCE90 /* CDPostTests.swift */; };
		B40E46B121695EEA003CCE90 /* CoreDataTestStack.swift in Sources */ = {isa = PBXBuildFile; fileRef = B40E46AC21695EEA003CCE90 /* CoreDataTestStack.swift */; };
		B40E46B221695EEA003CCE90 /* CDCommentTests.swift in Sources */ = {isa = PBXBuildFile; fileRef = B40E46AD21695EEA003CCE90 /* CDCommentTests.swift */; };
		B40E46B321695EEA003CCE90 /* CDUserTests.swift in Sources */ = {isa = PBXBuildFile; fileRef = B40E46AE21695EEA003CCE90 /* CDUserTests.swift */; };
		B40E46B421696330003CCE90 /* Posts.xcdatamodeld in Sources */ = {isa = PBXBuildFile; fileRef = B4CC5ACC2157D5D300FECC3D /* Posts.xcdatamodeld */; };
		B429643721FF8C9D006E32E0 /* PostViewModel.swift in Sources */ = {isa = PBXBuildFile; fileRef = B429643621FF8C9D006E32E0 /* PostViewModel.swift */; };
		B42F5770215C3AF80075442C /* PostCellTests.swift in Sources */ = {isa = PBXBuildFile; fileRef = B42F576F215C3AF80075442C /* PostCellTests.swift */; };
		B42F5772215C3BC20075442C /* PostDetailViewTests.swift in Sources */ = {isa = PBXBuildFile; fileRef = B42F5771215C3BC20075442C /* PostDetailViewTests.swift */; };
		B42F5777215C4E050075442C /* PostCellViewModelTests.swift in Sources */ = {isa = PBXBuildFile; fileRef = B42F5776215C4E050075442C /* PostCellViewModelTests.swift */; };
		B44E1CA4223244E300C0FFF3 /* ModelStubs.swift in Sources */ = {isa = PBXBuildFile; fileRef = B4D642B321441CCF005A587F /* ModelStubs.swift */; };
		B475A61F2178FAE90090CE20 /* PostListTableViewControllerTests.swift in Sources */ = {isa = PBXBuildFile; fileRef = B475A61E2178FAE90090CE20 /* PostListTableViewControllerTests.swift */; };
		B476911F21427D15003CABF2 /* AppDelegate.swift in Sources */ = {isa = PBXBuildFile; fileRef = B476911E21427D15003CABF2 /* AppDelegate.swift */; };
		B476912421427D15003CABF2 /* Main.storyboard in Resources */ = {isa = PBXBuildFile; fileRef = B476912221427D15003CABF2 /* Main.storyboard */; };
		B476912921427D18003CABF2 /* Assets.xcassets in Resources */ = {isa = PBXBuildFile; fileRef = B476912821427D18003CABF2 /* Assets.xcassets */; };
		B476912C21427D18003CABF2 /* LaunchScreen.storyboard in Resources */ = {isa = PBXBuildFile; fileRef = B476912A21427D18003CABF2 /* LaunchScreen.storyboard */; };
		B476915421429D76003CABF2 /* Post.swift in Sources */ = {isa = PBXBuildFile; fileRef = B476915321429D76003CABF2 /* Post.swift */; };
		B476915621429DDF003CABF2 /* Comment.swift in Sources */ = {isa = PBXBuildFile; fileRef = B476915521429DDF003CABF2 /* Comment.swift */; };
		B476915821429DEF003CABF2 /* User.swift in Sources */ = {isa = PBXBuildFile; fileRef = B476915721429DEF003CABF2 /* User.swift */; };
		B476915C2142B7FB003CABF2 /* CDPost.swift in Sources */ = {isa = PBXBuildFile; fileRef = B476915B2142B7FB003CABF2 /* CDPost.swift */; };
		B476915E2142B82C003CABF2 /* CDComment.swift in Sources */ = {isa = PBXBuildFile; fileRef = B476915D2142B82C003CABF2 /* CDComment.swift */; };
		B47691602142B840003CABF2 /* CDUser.swift in Sources */ = {isa = PBXBuildFile; fileRef = B476915F2142B840003CABF2 /* CDUser.swift */; };
		B476AA97222BC0B4000685CC /* RXPostListViewControllerTests.swift in Sources */ = {isa = PBXBuildFile; fileRef = B476AA96222BC0B3000685CC /* RXPostListViewControllerTests.swift */; };
		B47A3FDD220053E3005B17EB /* RequestData.swift in Sources */ = {isa = PBXBuildFile; fileRef = B47A3FDC220053E3005B17EB /* RequestData.swift */; };
		B47A3FDF2200A23B005B17EB /* RequestDataTests.swift in Sources */ = {isa = PBXBuildFile; fileRef = B47A3FDE2200A23B005B17EB /* RequestDataTests.swift */; };
		B4860863220595CF002BB32D /* PostViewModelTests.swift in Sources */ = {isa = PBXBuildFile; fileRef = B4860862220595CF002BB32D /* PostViewModelTests.swift */; };
		B486613B222E4D6C00D5E9B9 /* Alert.swift in Sources */ = {isa = PBXBuildFile; fileRef = B486613A222E4D6C00D5E9B9 /* Alert.swift */; };
		B48B8181216E35A800BF6640 /* PostListDataSourceTests.swift in Sources */ = {isa = PBXBuildFile; fileRef = B48B8180216E35A800BF6640 /* PostListDataSourceTests.swift */; };
		B48B8183216E371100BF6640 /* PostStorageManagerTests.swift in Sources */ = {isa = PBXBuildFile; fileRef = B48B8182216E371100BF6640 /* PostStorageManagerTests.swift */; };
		B4A0048521453352005F2ADD /* PostsEndpoints.swift in Sources */ = {isa = PBXBuildFile; fileRef = B4A0048421453352005F2ADD /* PostsEndpoints.swift */; };
		B4A0048C2145488F005F2ADD /* Result.swift in Sources */ = {isa = PBXBuildFile; fileRef = B4A0048B2145488F005F2ADD /* Result.swift */; };
		B4A0048F21454955005F2ADD /* Errors.swift in Sources */ = {isa = PBXBuildFile; fileRef = B4A0048E21454955005F2ADD /* Errors.swift */; };
		B4C6B71F217A62CC004AEC57 /* ClientData.swift in Sources */ = {isa = PBXBuildFile; fileRef = B4C6B71E217A62CC004AEC57 /* ClientData.swift */; };
		B4C6B723217D1F7A004AEC57 /* PostDataProviderTests.swift in Sources */ = {isa = PBXBuildFile; fileRef = B4C6B722217D1F7A004AEC57 /* PostDataProviderTests.swift */; };
		B4CC5ACE2157D5D300FECC3D /* Posts.xcdatamodeld in Sources */ = {isa = PBXBuildFile; fileRef = B4CC5ACC2157D5D300FECC3D /* Posts.xcdatamodeld */; };
		B4D642A12143C7C7005A587F /* PostListViewController.swift in Sources */ = {isa = PBXBuildFile; fileRef = B4D642A02143C7C7005A587F /* PostListViewController.swift */; };
		B4D642A32143CBCD005A587F /* Utilities.swift in Sources */ = {isa = PBXBuildFile; fileRef = B4D642A22143CBCC005A587F /* Utilities.swift */; };
		B4D642B421441CCF005A587F /* ModelStubs.swift in Sources */ = {isa = PBXBuildFile; fileRef = B4D642B321441CCF005A587F /* ModelStubs.swift */; };
		B4DE8C8B21457D58006FDF66 /* PostCell.swift in Sources */ = {isa = PBXBuildFile; fileRef = B4DE8C8A21457D58006FDF66 /* PostCell.swift */; };
		B4DE8C8E21457D74006FDF66 /* PostCellViewModel.swift in Sources */ = {isa = PBXBuildFile; fileRef = B4DE8C8D21457D74006FDF66 /* PostCellViewModel.swift */; };
		B4DE8C912145835E006FDF66 /* PostStorageManager.swift in Sources */ = {isa = PBXBuildFile; fileRef = B4DE8C902145835E006FDF66 /* PostStorageManager.swift */; };
		B4DE8C9721459827006FDF66 /* StoryboardIdentifiers.swift in Sources */ = {isa = PBXBuildFile; fileRef = B4DE8C9621459827006FDF66 /* StoryboardIdentifiers.swift */; };
		B4F06DBF215D02E200F7EEB0 /* PostDetailViewModelTests.swift in Sources */ = {isa = PBXBuildFile; fileRef = B4F06DBE215D02E200F7EEB0 /* PostDetailViewModelTests.swift */; };
		B4F06DE7215D260200F7EEB0 /* posts.json in Resources */ = {isa = PBXBuildFile; fileRef = B40352032146748C000DA66D /* posts.json */; };
		B4F06DE8215D260400F7EEB0 /* comments.json in Resources */ = {isa = PBXBuildFile; fileRef = B40352012146748B000DA66D /* comments.json */; };
		B4F06DE9215D260700F7EEB0 /* users.json in Resources */ = {isa = PBXBuildFile; fileRef = B40352022146748C000DA66D /* users.json */; };
		B4F06DEC215D28E700F7EEB0 /* posts.json in Resources */ = {isa = PBXBuildFile; fileRef = B40352032146748C000DA66D /* posts.json */; };
		B4F06DED215D28EA00F7EEB0 /* comments.json in Resources */ = {isa = PBXBuildFile; fileRef = B40352012146748B000DA66D /* comments.json */; };
		B4F06DEE215D28EE00F7EEB0 /* users.json in Resources */ = {isa = PBXBuildFile; fileRef = B40352022146748C000DA66D /* users.json */; };
		B4F06DF1215D843100F7EEB0 /* PostDetailViewControllerTests.swift in Sources */ = {isa = PBXBuildFile; fileRef = B4F06DF0215D843100F7EEB0 /* PostDetailViewControllerTests.swift */; };
		B4F2CF242142E17900C56ED0 /* CoreDataErrors.swift in Sources */ = {isa = PBXBuildFile; fileRef = B4F2CF232142E17900C56ED0 /* CoreDataErrors.swift */; };
		B4FBC9DE21DC2A5C00329642 /* RxPostClientTests.swift in Sources */ = {isa = PBXBuildFile; fileRef = B4FBC9DD21DC2A5C00329642 /* RxPostClientTests.swift */; };
		B4FBC9E021DC2B3600329642 /* RxClient.swift in Sources */ = {isa = PBXBuildFile; fileRef = B4FBC9DF21DC2B3600329642 /* RxClient.swift */; };
		B4FBE63C21E6AD0400CD962E /* RxPostsClient.swift in Sources */ = {isa = PBXBuildFile; fileRef = B4FBE63B21E6AD0400CD962E /* RxPostsClient.swift */; };
/* End PBXBuildFile section */

/* Begin PBXContainerItemProxy section */
		B476913321427D18003CABF2 /* PBXContainerItemProxy */ = {
			isa = PBXContainerItemProxy;
			containerPortal = B476911321427D15003CABF2 /* Project object */;
			proxyType = 1;
			remoteGlobalIDString = B476911A21427D15003CABF2;
			remoteInfo = BabylonDemo;
		};
		B476913E21427D18003CABF2 /* PBXContainerItemProxy */ = {
			isa = PBXContainerItemProxy;
			containerPortal = B476911321427D15003CABF2 /* Project object */;
			proxyType = 1;
			remoteGlobalIDString = B476911A21427D15003CABF2;
			remoteInfo = BabylonDemo;
		};
/* End PBXContainerItemProxy section */

/* Begin PBXFileReference section */
		0252BC3A93888584686A4DBF /* Pods-Demo.release.xcconfig */ = {isa = PBXFileReference; includeInIndex = 1; lastKnownFileType = text.xcconfig; name = "Pods-Demo.release.xcconfig"; path = "Pods/Target Support Files/Pods-Demo/Pods-Demo.release.xcconfig"; sourceTree = "<group>"; };
		134E7C0C90E49CE34EE289AF /* Pods-DemoTests.debug.xcconfig */ = {isa = PBXFileReference; includeInIndex = 1; lastKnownFileType = text.xcconfig; name = "Pods-DemoTests.debug.xcconfig"; path = "Pods/Target Support Files/Pods-DemoTests/Pods-DemoTests.debug.xcconfig"; sourceTree = "<group>"; };
		579A599C20D59C48B0606E6D /* Pods-Demo.debug.xcconfig */ = {isa = PBXFileReference; includeInIndex = 1; lastKnownFileType = text.xcconfig; name = "Pods-Demo.debug.xcconfig"; path = "Pods/Target Support Files/Pods-Demo/Pods-Demo.debug.xcconfig"; sourceTree = "<group>"; };
		8A9B2C57AE4A3DB893DA6A9D /* Pods_Demo.framework */ = {isa = PBXFileReference; explicitFileType = wrapper.framework; includeInIndex = 0; path = Pods_Demo.framework; sourceTree = BUILT_PRODUCTS_DIR; };
		8A9F1EB76F2254089F78EC56 /* Pods-DemoTests.release.xcconfig */ = {isa = PBXFileReference; includeInIndex = 1; lastKnownFileType = text.xcconfig; name = "Pods-DemoTests.release.xcconfig"; path = "Pods/Target Support Files/Pods-DemoTests/Pods-DemoTests.release.xcconfig"; sourceTree = "<group>"; };
		B1B4256EC91446AD755412F1 /* Pods_DemoTests.framework */ = {isa = PBXFileReference; explicitFileType = wrapper.framework; includeInIndex = 0; path = Pods_DemoTests.framework; sourceTree = BUILT_PRODUCTS_DIR; };
		B40351EE214599EB000DA66D /* PostDetailViewController.swift */ = {isa = PBXFileReference; lastKnownFileType = sourcecode.swift; path = PostDetailViewController.swift; sourceTree = "<group>"; };
		B40351F12145B43F000DA66D /* IndieFlower.ttf */ = {isa = PBXFileReference; lastKnownFileType = file; path = IndieFlower.ttf; sourceTree = "<group>"; };
		B40351F32145D1D6000DA66D /* Endpoint.swift */ = {isa = PBXFileReference; lastKnownFileType = sourcecode.swift; path = Endpoint.swift; sourceTree = "<group>"; };
		B40352012146748B000DA66D /* comments.json */ = {isa = PBXFileReference; fileEncoding = 4; lastKnownFileType = text.json; path = comments.json; sourceTree = "<group>"; };
		B40352022146748C000DA66D /* users.json */ = {isa = PBXFileReference; fileEncoding = 4; lastKnownFileType = text.json; path = users.json; sourceTree = "<group>"; };
		B40352032146748C000DA66D /* posts.json */ = {isa = PBXFileReference; fileEncoding = 4; lastKnownFileType = text.json; name = posts.json; path = "DemoTests/NetworkingTests/JSON Files/posts.json"; sourceTree = SOURCE_ROOT; };
		B4035207214674EE000DA66D /* CodablePostTests.swift */ = {isa = PBXFileReference; lastKnownFileType = sourcecode.swift; path = CodablePostTests.swift; sourceTree = "<group>"; };
		B403520921467518000DA66D /* CodableUserTests.swift */ = {isa = PBXFileReference; lastKnownFileType = sourcecode.swift; path = CodableUserTests.swift; sourceTree = "<group>"; };
		B403520B21467530000DA66D /* CodableCommentTests.swift */ = {isa = PBXFileReference; lastKnownFileType = sourcecode.swift; path = CodableCommentTests.swift; sourceTree = "<group>"; };
		B40352132146BE3A000DA66D /* PostsEndpointsTests.swift */ = {isa = PBXFileReference; lastKnownFileType = sourcecode.swift; path = PostsEndpointsTests.swift; sourceTree = "<group>"; };
		B403522421472A62000DA66D /* PostDetailView.swift */ = {isa = PBXFileReference; lastKnownFileType = sourcecode.swift; path = PostDetailView.swift; sourceTree = "<group>"; };
		B403522721472B15000DA66D /* PostDetailViewModel.swift */ = {isa = PBXFileReference; lastKnownFileType = sourcecode.swift; path = PostDetailViewModel.swift; sourceTree = "<group>"; };
		B40352312147FB2D000DA66D /* Info.plist */ = {isa = PBXFileReference; fileEncoding = 4; lastKnownFileType = text.plist.xml; path = Info.plist; sourceTree = "<group>"; };
		B40E469D21695DE2003CCE90 /* CDUser+CoreDataProperties.swift */ = {isa = PBXFileReference; lastKnownFileType = sourcecode.swift; path = "CDUser+CoreDataProperties.swift"; sourceTree = "<group>"; };
		B40E469F21695DE2003CCE90 /* CDPost+CoreDataProperties.swift */ = {isa = PBXFileReference; lastKnownFileType = sourcecode.swift; path = "CDPost+CoreDataProperties.swift"; sourceTree = "<group>"; };
		B40E46A121695DE2003CCE90 /* CDComment+CoreDataProperties.swift */ = {isa = PBXFileReference; lastKnownFileType = sourcecode.swift; path = "CDComment+CoreDataProperties.swift"; sourceTree = "<group>"; };
		B40E46AB21695EEA003CCE90 /* CDPostTests.swift */ = {isa = PBXFileReference; fileEncoding = 4; lastKnownFileType = sourcecode.swift; path = CDPostTests.swift; sourceTree = "<group>"; };
		B40E46AC21695EEA003CCE90 /* CoreDataTestStack.swift */ = {isa = PBXFileReference; fileEncoding = 4; lastKnownFileType = sourcecode.swift; path = CoreDataTestStack.swift; sourceTree = "<group>"; };
		B40E46AD21695EEA003CCE90 /* CDCommentTests.swift */ = {isa = PBXFileReference; fileEncoding = 4; lastKnownFileType = sourcecode.swift; path = CDCommentTests.swift; sourceTree = "<group>"; };
		B40E46AE21695EEA003CCE90 /* CDUserTests.swift */ = {isa = PBXFileReference; fileEncoding = 4; lastKnownFileType = sourcecode.swift; path = CDUserTests.swift; sourceTree = "<group>"; };
		B429643621FF8C9D006E32E0 /* PostViewModel.swift */ = {isa = PBXFileReference; lastKnownFileType = sourcecode.swift; path = PostViewModel.swift; sourceTree = "<group>"; };
		B42F576F215C3AF80075442C /* PostCellTests.swift */ = {isa = PBXFileReference; lastKnownFileType = sourcecode.swift; path = PostCellTests.swift; sourceTree = "<group>"; };
		B42F5771215C3BC20075442C /* PostDetailViewTests.swift */ = {isa = PBXFileReference; lastKnownFileType = sourcecode.swift; path = PostDetailViewTests.swift; sourceTree = "<group>"; };
		B42F5776215C4E050075442C /* PostCellViewModelTests.swift */ = {isa = PBXFileReference; lastKnownFileType = sourcecode.swift; path = PostCellViewModelTests.swift; sourceTree = "<group>"; };
		B475A61E2178FAE90090CE20 /* PostListTableViewControllerTests.swift */ = {isa = PBXFileReference; lastKnownFileType = sourcecode.swift; path = PostListTableViewControllerTests.swift; sourceTree = "<group>"; };
		B476911B21427D15003CABF2 /* Demo.app */ = {isa = PBXFileReference; explicitFileType = wrapper.application; includeInIndex = 0; path = Demo.app; sourceTree = BUILT_PRODUCTS_DIR; };
		B476911E21427D15003CABF2 /* AppDelegate.swift */ = {isa = PBXFileReference; lastKnownFileType = sourcecode.swift; path = AppDelegate.swift; sourceTree = "<group>"; };
		B476912321427D15003CABF2 /* Base */ = {isa = PBXFileReference; lastKnownFileType = file.storyboard; name = Base; path = Base.lproj/Main.storyboard; sourceTree = "<group>"; };
		B476912821427D18003CABF2 /* Assets.xcassets */ = {isa = PBXFileReference; lastKnownFileType = folder.assetcatalog; path = Assets.xcassets; sourceTree = "<group>"; };
		B476912B21427D18003CABF2 /* Base */ = {isa = PBXFileReference; lastKnownFileType = file.storyboard; name = Base; path = Base.lproj/LaunchScreen.storyboard; sourceTree = "<group>"; };
		B476912D21427D18003CABF2 /* Info.plist */ = {isa = PBXFileReference; lastKnownFileType = text.plist.xml; path = Info.plist; sourceTree = "<group>"; };
		B476913221427D18003CABF2 /* DemoTests.xctest */ = {isa = PBXFileReference; explicitFileType = wrapper.cfbundle; includeInIndex = 0; path = DemoTests.xctest; sourceTree = BUILT_PRODUCTS_DIR; };
		B476913821427D18003CABF2 /* Info.plist */ = {isa = PBXFileReference; lastKnownFileType = text.plist.xml; path = Info.plist; sourceTree = "<group>"; };
		B476913D21427D18003CABF2 /* DemoUITests.xctest */ = {isa = PBXFileReference; explicitFileType = wrapper.cfbundle; includeInIndex = 0; path = DemoUITests.xctest; sourceTree = BUILT_PRODUCTS_DIR; };
		B476915321429D76003CABF2 /* Post.swift */ = {isa = PBXFileReference; lastKnownFileType = sourcecode.swift; path = Post.swift; sourceTree = "<group>"; };
		B476915521429DDF003CABF2 /* Comment.swift */ = {isa = PBXFileReference; lastKnownFileType = sourcecode.swift; path = Comment.swift; sourceTree = "<group>"; };
		B476915721429DEF003CABF2 /* User.swift */ = {isa = PBXFileReference; lastKnownFileType = sourcecode.swift; path = User.swift; sourceTree = "<group>"; };
		B476915B2142B7FB003CABF2 /* CDPost.swift */ = {isa = PBXFileReference; lastKnownFileType = sourcecode.swift; path = CDPost.swift; sourceTree = "<group>"; };
		B476915D2142B82C003CABF2 /* CDComment.swift */ = {isa = PBXFileReference; lastKnownFileType = sourcecode.swift; path = CDComment.swift; sourceTree = "<group>"; };
		B476915F2142B840003CABF2 /* CDUser.swift */ = {isa = PBXFileReference; lastKnownFileType = sourcecode.swift; path = CDUser.swift; sourceTree = "<group>"; };
		B476AA96222BC0B3000685CC /* RXPostListViewControllerTests.swift */ = {isa = PBXFileReference; lastKnownFileType = sourcecode.swift; path = RXPostListViewControllerTests.swift; sourceTree = "<group>"; };
		B47A3FDC220053E3005B17EB /* RequestData.swift */ = {isa = PBXFileReference; lastKnownFileType = sourcecode.swift; path = RequestData.swift; sourceTree = "<group>"; };
		B47A3FDE2200A23B005B17EB /* RequestDataTests.swift */ = {isa = PBXFileReference; lastKnownFileType = sourcecode.swift; path = RequestDataTests.swift; sourceTree = "<group>"; };
		B4860862220595CF002BB32D /* PostViewModelTests.swift */ = {isa = PBXFileReference; lastKnownFileType = sourcecode.swift; path = PostViewModelTests.swift; sourceTree = "<group>"; };
		B486613A222E4D6C00D5E9B9 /* Alert.swift */ = {isa = PBXFileReference; lastKnownFileType = sourcecode.swift; path = Alert.swift; sourceTree = "<group>"; };
		B48B8180216E35A800BF6640 /* PostListDataSourceTests.swift */ = {isa = PBXFileReference; lastKnownFileType = sourcecode.swift; path = PostListDataSourceTests.swift; sourceTree = "<group>"; };
		B48B8182216E371100BF6640 /* PostStorageManagerTests.swift */ = {isa = PBXFileReference; lastKnownFileType = sourcecode.swift; path = PostStorageManagerTests.swift; sourceTree = "<group>"; };
		B4A0048421453352005F2ADD /* PostsEndpoints.swift */ = {isa = PBXFileReference; lastKnownFileType = sourcecode.swift; path = PostsEndpoints.swift; sourceTree = "<group>"; };
		B4A0048B2145488F005F2ADD /* Result.swift */ = {isa = PBXFileReference; lastKnownFileType = sourcecode.swift; path = Result.swift; sourceTree = "<group>"; };
		B4A0048E21454955005F2ADD /* Errors.swift */ = {isa = PBXFileReference; lastKnownFileType = sourcecode.swift; path = Errors.swift; sourceTree = "<group>"; };
		B4C6B71E217A62CC004AEC57 /* ClientData.swift */ = {isa = PBXFileReference; lastKnownFileType = sourcecode.swift; path = ClientData.swift; sourceTree = "<group>"; };
		B4C6B722217D1F7A004AEC57 /* PostDataProviderTests.swift */ = {isa = PBXFileReference; lastKnownFileType = sourcecode.swift; path = PostDataProviderTests.swift; sourceTree = "<group>"; };
		B4CC5ACD2157D5D300FECC3D /* Posts.xcdatamodel */ = {isa = PBXFileReference; lastKnownFileType = wrapper.xcdatamodel; path = Posts.xcdatamodel; sourceTree = "<group>"; };
		B4D642A02143C7C7005A587F /* PostListViewController.swift */ = {isa = PBXFileReference; lastKnownFileType = sourcecode.swift; path = PostListViewController.swift; sourceTree = "<group>"; };
		B4D642A22143CBCC005A587F /* Utilities.swift */ = {isa = PBXFileReference; lastKnownFileType = sourcecode.swift; path = Utilities.swift; sourceTree = "<group>"; };
		B4D642B321441CCF005A587F /* ModelStubs.swift */ = {isa = PBXFileReference; lastKnownFileType = sourcecode.swift; path = ModelStubs.swift; sourceTree = "<group>"; };
		B4DE8C8A21457D58006FDF66 /* PostCell.swift */ = {isa = PBXFileReference; lastKnownFileType = sourcecode.swift; path = PostCell.swift; sourceTree = "<group>"; };
		B4DE8C8D21457D74006FDF66 /* PostCellViewModel.swift */ = {isa = PBXFileReference; lastKnownFileType = sourcecode.swift; path = PostCellViewModel.swift; sourceTree = "<group>"; };
		B4DE8C902145835E006FDF66 /* PostStorageManager.swift */ = {isa = PBXFileReference; lastKnownFileType = sourcecode.swift; path = PostStorageManager.swift; sourceTree = "<group>"; };
		B4DE8C9621459827006FDF66 /* StoryboardIdentifiers.swift */ = {isa = PBXFileReference; lastKnownFileType = sourcecode.swift; path = StoryboardIdentifiers.swift; sourceTree = "<group>"; };
		B4F06DBE215D02E200F7EEB0 /* PostDetailViewModelTests.swift */ = {isa = PBXFileReference; lastKnownFileType = sourcecode.swift; path = PostDetailViewModelTests.swift; sourceTree = "<group>"; };
		B4F06DF0215D843100F7EEB0 /* PostDetailViewControllerTests.swift */ = {isa = PBXFileReference; lastKnownFileType = sourcecode.swift; path = PostDetailViewControllerTests.swift; sourceTree = "<group>"; };
		B4F2CF232142E17900C56ED0 /* CoreDataErrors.swift */ = {isa = PBXFileReference; lastKnownFileType = sourcecode.swift; path = CoreDataErrors.swift; sourceTree = "<group>"; };
		B4FBC9DD21DC2A5C00329642 /* RxPostClientTests.swift */ = {isa = PBXFileReference; lastKnownFileType = sourcecode.swift; path = RxPostClientTests.swift; sourceTree = "<group>"; };
		B4FBC9DF21DC2B3600329642 /* RxClient.swift */ = {isa = PBXFileReference; lastKnownFileType = sourcecode.swift; path = RxClient.swift; sourceTree = "<group>"; };
		B4FBE63B21E6AD0400CD962E /* RxPostsClient.swift */ = {isa = PBXFileReference; lastKnownFileType = sourcecode.swift; path = RxPostsClient.swift; sourceTree = "<group>"; };
/* End PBXFileReference section */

/* Begin PBXFrameworksBuildPhase section */
		B476911821427D15003CABF2 /* Frameworks */ = {
			isa = PBXFrameworksBuildPhase;
			buildActionMask = 2147483647;
			files = (
				5F0EBC82D7AE52330298ABAD /* Pods_Demo.framework in Frameworks */,
			);
			runOnlyForDeploymentPostprocessing = 0;
		};
		B476912F21427D18003CABF2 /* Frameworks */ = {
			isa = PBXFrameworksBuildPhase;
			buildActionMask = 2147483647;
			files = (
				37D33DFE9C5F4499FBEE77C8 /* Pods_DemoTests.framework in Frameworks */,
			);
			runOnlyForDeploymentPostprocessing = 0;
		};
		B476913A21427D18003CABF2 /* Frameworks */ = {
			isa = PBXFrameworksBuildPhase;
			buildActionMask = 2147483647;
			files = (
			);
			runOnlyForDeploymentPostprocessing = 0;
		};
/* End PBXFrameworksBuildPhase section */

/* Begin PBXGroup section */
		41CA7F2F9065F60017F7A1FA /* Frameworks */ = {
			isa = PBXGroup;
			children = (
				8A9B2C57AE4A3DB893DA6A9D /* Pods_Demo.framework */,
				B1B4256EC91446AD755412F1 /* Pods_DemoTests.framework */,
			);
			name = Frameworks;
			sourceTree = "<group>";
		};
		489A69615EBF33557D357052 /* Pods */ = {
			isa = PBXGroup;
			children = (
				579A599C20D59C48B0606E6D /* Pods-Demo.debug.xcconfig */,
				0252BC3A93888584686A4DBF /* Pods-Demo.release.xcconfig */,
				134E7C0C90E49CE34EE289AF /* Pods-DemoTests.debug.xcconfig */,
				8A9F1EB76F2254089F78EC56 /* Pods-DemoTests.release.xcconfig */,
			);
			name = Pods;
			sourceTree = "<group>";
		};
		B403520021465A5F000DA66D /* NetworkingTests */ = {
			isa = PBXGroup;
			children = (
				B455B5C72147FCCF00BF77BB /* JSON Files */,
				B403522221471ADF000DA66D /* Codable */,
				B403522321471AE7000DA66D /* Client */,
			);
			path = NetworkingTests;
			sourceTree = "<group>";
		};
		B403522221471ADF000DA66D /* Codable */ = {
			isa = PBXGroup;
			children = (
				B403520921467518000DA66D /* CodableUserTests.swift */,
				B403520B21467530000DA66D /* CodableCommentTests.swift */,
				B4035207214674EE000DA66D /* CodablePostTests.swift */,
			);
			path = Codable;
			sourceTree = "<group>";
		};
		B403522321471AE7000DA66D /* Client */ = {
			isa = PBXGroup;
			children = (
				B40352132146BE3A000DA66D /* PostsEndpointsTests.swift */,
				B4C6B71E217A62CC004AEC57 /* ClientData.swift */,
				B4FBC9DD21DC2A5C00329642 /* RxPostClientTests.swift */,
				B47A3FDE2200A23B005B17EB /* RequestDataTests.swift */,
			);
			path = Client;
			sourceTree = "<group>";
		};
		B403522E2147F7BE000DA66D /* Supporting */ = {
			isa = PBXGroup;
			children = (
				B476911E21427D15003CABF2 /* AppDelegate.swift */,
				B40351F12145B43F000DA66D /* IndieFlower.ttf */,
				B476912821427D18003CABF2 /* Assets.xcassets */,
				B476912A21427D18003CABF2 /* LaunchScreen.storyboard */,
				B476912D21427D18003CABF2 /* Info.plist */,
			);
			path = Supporting;
			sourceTree = "<group>";
		};
		B403522F2147FB2D000DA66D /* DemoUITests */ = {
			isa = PBXGroup;
			children = (
				B40352312147FB2D000DA66D /* Info.plist */,
			);
			path = DemoUITests;
			sourceTree = "<group>";
		};
		B40E46A921695EEA003CCE90 /* CoreDataTests */ = {
			isa = PBXGroup;
			children = (
				B40E46AC21695EEA003CCE90 /* CoreDataTestStack.swift */,
				B40E46AB21695EEA003CCE90 /* CDPostTests.swift */,
				B40E46AD21695EEA003CCE90 /* CDCommentTests.swift */,
				B40E46AE21695EEA003CCE90 /* CDUserTests.swift */,
				B48B8182216E371100BF6640 /* PostStorageManagerTests.swift */,
			);
			path = CoreDataTests;
			sourceTree = "<group>";
		};
		B42F576E215C39650075442C /* ViewTests */ = {
			isa = PBXGroup;
			children = (
				B42F576F215C3AF80075442C /* PostCellTests.swift */,
				B42F5771215C3BC20075442C /* PostDetailViewTests.swift */,
				B42F5776215C4E050075442C /* PostCellViewModelTests.swift */,
				B4F06DBE215D02E200F7EEB0 /* PostDetailViewModelTests.swift */,
			);
			path = ViewTests;
			sourceTree = "<group>";
		};
		B455B5C72147FCCF00BF77BB /* JSON Files */ = {
			isa = PBXGroup;
			children = (
				B40352032146748C000DA66D /* posts.json */,
				B40352012146748B000DA66D /* comments.json */,
				B40352022146748C000DA66D /* users.json */,
			);
			path = "JSON Files";
			sourceTree = "<group>";
		};
		B476911221427D15003CABF2 = {
			isa = PBXGroup;
			children = (
				B476911D21427D15003CABF2 /* Demo */,
				B476913521427D18003CABF2 /* DemoTests */,
				B403522F2147FB2D000DA66D /* DemoUITests */,
				B476911C21427D15003CABF2 /* Products */,
				489A69615EBF33557D357052 /* Pods */,
				41CA7F2F9065F60017F7A1FA /* Frameworks */,
			);
			sourceTree = "<group>";
		};
		B476911C21427D15003CABF2 /* Products */ = {
			isa = PBXGroup;
			children = (
				B476911B21427D15003CABF2 /* Demo.app */,
				B476913221427D18003CABF2 /* DemoTests.xctest */,
				B476913D21427D18003CABF2 /* DemoUITests.xctest */,
			);
			name = Products;
			sourceTree = "<group>";
		};
		B476911D21427D15003CABF2 /* Demo */ = {
			isa = PBXGroup;
			children = (
				B476912221427D15003CABF2 /* Main.storyboard */,
				B4DE8C9621459827006FDF66 /* StoryboardIdentifiers.swift */,
				B4D642A22143CBCC005A587F /* Utilities.swift */,
				B403522E2147F7BE000DA66D /* Supporting */,
				B476915221427E81003CABF2 /* Views */,
				B4D6429F2143C79A005A587F /* Controllers */,
				B476914F21427DCC003CABF2 /* Model */,
				B476915121427DE0003CABF2 /* CoreData */,
				B476915021427DD9003CABF2 /* Networking */,
			);
			path = Demo;
			sourceTree = "<group>";
		};
		B476913521427D18003CABF2 /* DemoTests */ = {
			isa = PBXGroup;
			children = (
				B4D642B321441CCF005A587F /* ModelStubs.swift */,
				B40E46A921695EEA003CCE90 /* CoreDataTests */,
				B42F576E215C39650075442C /* ViewTests */,
				B4F06DEF215D83F600F7EEB0 /* ControllerTests */,
				B403520021465A5F000DA66D /* NetworkingTests */,
				B476913821427D18003CABF2 /* Info.plist */,
			);
			path = DemoTests;
			sourceTree = "<group>";
		};
		B476914F21427DCC003CABF2 /* Model */ = {
			isa = PBXGroup;
			children = (
				B476915321429D76003CABF2 /* Post.swift */,
				B476915521429DDF003CABF2 /* Comment.swift */,
				B476915721429DEF003CABF2 /* User.swift */,
				B486613A222E4D6C00D5E9B9 /* Alert.swift */,
			);
			path = Model;
			sourceTree = "<group>";
		};
		B476915021427DD9003CABF2 /* Networking */ = {
			isa = PBXGroup;
			children = (
				B4A00493214549B4005F2ADD /* Clients */,
				B4A00492214549A5005F2ADD /* Protocols */,
				B4A0049121454978005F2ADD /* Enums */,
			);
			path = Networking;
			sourceTree = "<group>";
		};
		B476915121427DE0003CABF2 /* CoreData */ = {
			isa = PBXGroup;
			children = (
				B4DE8C902145835E006FDF66 /* PostStorageManager.swift */,
				B4F2CF232142E17900C56ED0 /* CoreDataErrors.swift */,
				B4F2CF252142E25100C56ED0 /* Model */,
				B4CC5ACC2157D5D300FECC3D /* Posts.xcdatamodeld */,
			);
			path = CoreData;
			sourceTree = "<group>";
		};
		B476915221427E81003CABF2 /* Views */ = {
			isa = PBXGroup;
			children = (
				B4DE8C8A21457D58006FDF66 /* PostCell.swift */,
				B4DE8C8D21457D74006FDF66 /* PostCellViewModel.swift */,
				B403522421472A62000DA66D /* PostDetailView.swift */,
				B403522721472B15000DA66D /* PostDetailViewModel.swift */,
			);
			path = Views;
			sourceTree = "<group>";
		};
		B4A0049121454978005F2ADD /* Enums */ = {
			isa = PBXGroup;
			children = (
				B4A0048421453352005F2ADD /* PostsEndpoints.swift */,
				B4A0048E21454955005F2ADD /* Errors.swift */,
				B4A0048B2145488F005F2ADD /* Result.swift */,
			);
			path = Enums;
			sourceTree = "<group>";
		};
		B4A00492214549A5005F2ADD /* Protocols */ = {
			isa = PBXGroup;
			children = (
				B40351F32145D1D6000DA66D /* Endpoint.swift */,
				B4FBC9DF21DC2B3600329642 /* RxClient.swift */,
			);
			path = Protocols;
			sourceTree = "<group>";
		};
		B4A00493214549B4005F2ADD /* Clients */ = {
			isa = PBXGroup;
			children = (
				B4FBE63B21E6AD0400CD962E /* RxPostsClient.swift */,
				B47A3FDC220053E3005B17EB /* RequestData.swift */,
			);
			path = Clients;
			sourceTree = "<group>";
		};
		B4D6429F2143C79A005A587F /* Controllers */ = {
			isa = PBXGroup;
			children = (
				B429643621FF8C9D006E32E0 /* PostViewModel.swift */,
				B4D642A02143C7C7005A587F /* PostListViewController.swift */,
				B40351EE214599EB000DA66D /* PostDetailViewController.swift */,
			);
			path = Controllers;
			sourceTree = "<group>";
		};
		B4F06DEF215D83F600F7EEB0 /* ControllerTests */ = {
			isa = PBXGroup;
			children = (
				B4F06DF0215D843100F7EEB0 /* PostDetailViewControllerTests.swift */,
				B48B8180216E35A800BF6640 /* PostListDataSourceTests.swift */,
				B475A61E2178FAE90090CE20 /* PostListTableViewControllerTests.swift */,
				B4C6B722217D1F7A004AEC57 /* PostDataProviderTests.swift */,
				B4860862220595CF002BB32D /* PostViewModelTests.swift */,
				B476AA96222BC0B3000685CC /* RXPostListViewControllerTests.swift */,
			);
			path = ControllerTests;
			sourceTree = "<group>";
		};
		B4F2CF252142E25100C56ED0 /* Model */ = {
			isa = PBXGroup;
			children = (
				B476915B2142B7FB003CABF2 /* CDPost.swift */,
				B476915D2142B82C003CABF2 /* CDComment.swift */,
				B476915F2142B840003CABF2 /* CDUser.swift */,
				B40E469D21695DE2003CCE90 /* CDUser+CoreDataProperties.swift */,
				B40E469F21695DE2003CCE90 /* CDPost+CoreDataProperties.swift */,
				B40E46A121695DE2003CCE90 /* CDComment+CoreDataProperties.swift */,
			);
			path = Model;
			sourceTree = "<group>";
		};
/* End PBXGroup section */

/* Begin PBXNativeTarget section */
		B476911A21427D15003CABF2 /* Demo */ = {
			isa = PBXNativeTarget;
			buildConfigurationList = B476914621427D18003CABF2 /* Build configuration list for PBXNativeTarget "Demo" */;
			buildPhases = (
				56BA9FFCDFDE162856FB17C9 /* [CP] Check Pods Manifest.lock */,
				B476911721427D15003CABF2 /* Sources */,
				B476911821427D15003CABF2 /* Frameworks */,
				B476911921427D15003CABF2 /* Resources */,
				54D7994C0715B2C09AF45DAB /* [CP] Embed Pods Frameworks */,
			);
			buildRules = (
			);
			dependencies = (
			);
			name = Demo;
			productName = BabylonDemo;
			productReference = B476911B21427D15003CABF2 /* Demo.app */;
			productType = "com.apple.product-type.application";
		};
		B476913121427D18003CABF2 /* DemoTests */ = {
			isa = PBXNativeTarget;
			buildConfigurationList = B476914921427D18003CABF2 /* Build configuration list for PBXNativeTarget "DemoTests" */;
			buildPhases = (
				FB74EA02838EC20B21B0E46F /* [CP] Check Pods Manifest.lock */,
				B476912E21427D18003CABF2 /* Sources */,
				B476912F21427D18003CABF2 /* Frameworks */,
				B476913021427D18003CABF2 /* Resources */,
				6683B95F664C1D37AFEF23DB /* [CP] Embed Pods Frameworks */,
			);
			buildRules = (
			);
			dependencies = (
				B476913421427D18003CABF2 /* PBXTargetDependency */,
			);
			name = DemoTests;
			productName = BabylonDemoTests;
			productReference = B476913221427D18003CABF2 /* DemoTests.xctest */;
			productType = "com.apple.product-type.bundle.unit-test";
		};
		B476913C21427D18003CABF2 /* DemoUITests */ = {
			isa = PBXNativeTarget;
			buildConfigurationList = B476914C21427D18003CABF2 /* Build configuration list for PBXNativeTarget "DemoUITests" */;
			buildPhases = (
				B476913921427D18003CABF2 /* Sources */,
				B476913A21427D18003CABF2 /* Frameworks */,
				B476913B21427D18003CABF2 /* Resources */,
			);
			buildRules = (
			);
			dependencies = (
				B476913F21427D18003CABF2 /* PBXTargetDependency */,
			);
			name = DemoUITests;
			productName = BabylonDemoUITests;
			productReference = B476913D21427D18003CABF2 /* DemoUITests.xctest */;
			productType = "com.apple.product-type.bundle.ui-testing";
		};
/* End PBXNativeTarget section */

/* Begin PBXProject section */
		B476911321427D15003CABF2 /* Project object */ = {
			isa = PBXProject;
			attributes = {
				LastSwiftUpdateCheck = 0940;
				LastUpgradeCheck = 0940;
				ORGANIZATIONNAME = GMJT;
				TargetAttributes = {
					B476911A21427D15003CABF2 = {
						CreatedOnToolsVersion = 9.4.1;
					};
					B476913121427D18003CABF2 = {
						CreatedOnToolsVersion = 9.4.1;
						TestTargetID = B476911A21427D15003CABF2;
					};
					B476913C21427D18003CABF2 = {
						CreatedOnToolsVersion = 9.4.1;
					};
				};
			};
			buildConfigurationList = B476911621427D15003CABF2 /* Build configuration list for PBXProject "Demo" */;
			compatibilityVersion = "Xcode 9.3";
			developmentRegion = en;
			hasScannedForEncodings = 0;
			knownRegions = (
				en,
				Base,
			);
			mainGroup = B476911221427D15003CABF2;
			productRefGroup = B476911C21427D15003CABF2 /* Products */;
			projectDirPath = "";
			projectRoot = "";
			targets = (
				B476911A21427D15003CABF2 /* Demo */,
				B476913121427D18003CABF2 /* DemoTests */,
				B476913C21427D18003CABF2 /* DemoUITests */,
			);
		};
/* End PBXProject section */

/* Begin PBXResourcesBuildPhase section */
		B476911921427D15003CABF2 /* Resources */ = {
			isa = PBXResourcesBuildPhase;
			buildActionMask = 2147483647;
			files = (
				B476912C21427D18003CABF2 /* LaunchScreen.storyboard in Resources */,
				B4F06DEC215D28E700F7EEB0 /* posts.json in Resources */,
				B476912921427D18003CABF2 /* Assets.xcassets in Resources */,
				B476912421427D15003CABF2 /* Main.storyboard in Resources */,
				B4F06DEE215D28EE00F7EEB0 /* users.json in Resources */,
				B40351F22145B43F000DA66D /* IndieFlower.ttf in Resources */,
				B4F06DED215D28EA00F7EEB0 /* comments.json in Resources */,
			);
			runOnlyForDeploymentPostprocessing = 0;
		};
		B476913021427D18003CABF2 /* Resources */ = {
			isa = PBXResourcesBuildPhase;
			buildActionMask = 2147483647;
			files = (
				B4F06DE9215D260700F7EEB0 /* users.json in Resources */,
				B4F06DE7215D260200F7EEB0 /* posts.json in Resources */,
				B4F06DE8215D260400F7EEB0 /* comments.json in Resources */,
			);
			runOnlyForDeploymentPostprocessing = 0;
		};
		B476913B21427D18003CABF2 /* Resources */ = {
			isa = PBXResourcesBuildPhase;
			buildActionMask = 2147483647;
			files = (
			);
			runOnlyForDeploymentPostprocessing = 0;
		};
/* End PBXResourcesBuildPhase section */

/* Begin PBXShellScriptBuildPhase section */
		54D7994C0715B2C09AF45DAB /* [CP] Embed Pods Frameworks */ = {
			isa = PBXShellScriptBuildPhase;
			buildActionMask = 2147483647;
			files = (
			);
			inputFileListPaths = (
			);
			inputPaths = (
				"${SRCROOT}/Pods/Target Support Files/Pods-Demo/Pods-Demo-frameworks.sh",
				"${BUILT_PRODUCTS_DIR}/RxAtomic/RxAtomic.framework",
				"${BUILT_PRODUCTS_DIR}/RxCocoa/RxCocoa.framework",
				"${BUILT_PRODUCTS_DIR}/RxSwift/RxSwift.framework",
			);
			name = "[CP] Embed Pods Frameworks";
			outputFileListPaths = (
			);
			outputPaths = (
				"${TARGET_BUILD_DIR}/${FRAMEWORKS_FOLDER_PATH}/RxAtomic.framework",
				"${TARGET_BUILD_DIR}/${FRAMEWORKS_FOLDER_PATH}/RxCocoa.framework",
				"${TARGET_BUILD_DIR}/${FRAMEWORKS_FOLDER_PATH}/RxSwift.framework",
			);
			runOnlyForDeploymentPostprocessing = 0;
			shellPath = /bin/sh;
			shellScript = "\"${SRCROOT}/Pods/Target Support Files/Pods-Demo/Pods-Demo-frameworks.sh\"\n";
			showEnvVarsInLog = 0;
		};
		56BA9FFCDFDE162856FB17C9 /* [CP] Check Pods Manifest.lock */ = {
			isa = PBXShellScriptBuildPhase;
			buildActionMask = 2147483647;
			files = (
			);
			inputFileListPaths = (
			);
			inputPaths = (
				"${PODS_PODFILE_DIR_PATH}/Podfile.lock",
				"${PODS_ROOT}/Manifest.lock",
			);
			name = "[CP] Check Pods Manifest.lock";
			outputFileListPaths = (
			);
			outputPaths = (
				"$(DERIVED_FILE_DIR)/Pods-Demo-checkManifestLockResult.txt",
			);
			runOnlyForDeploymentPostprocessing = 0;
			shellPath = /bin/sh;
			shellScript = "diff \"${PODS_PODFILE_DIR_PATH}/Podfile.lock\" \"${PODS_ROOT}/Manifest.lock\" > /dev/null\nif [ $? != 0 ] ; then\n    # print error to STDERR\n    echo \"error: The sandbox is not in sync with the Podfile.lock. Run 'pod install' or update your CocoaPods installation.\" >&2\n    exit 1\nfi\n# This output is used by Xcode 'outputs' to avoid re-running this script phase.\necho \"SUCCESS\" > \"${SCRIPT_OUTPUT_FILE_0}\"\n";
			showEnvVarsInLog = 0;
		};
		6683B95F664C1D37AFEF23DB /* [CP] Embed Pods Frameworks */ = {
			isa = PBXShellScriptBuildPhase;
			buildActionMask = 2147483647;
			files = (
			);
			inputFileListPaths = (
			);
			inputPaths = (
				"${SRCROOT}/Pods/Target Support Files/Pods-DemoTests/Pods-DemoTests-frameworks.sh",
				"${BUILT_PRODUCTS_DIR}/RxAtomic/RxAtomic.framework",
				"${BUILT_PRODUCTS_DIR}/RxCocoa/RxCocoa.framework",
				"${BUILT_PRODUCTS_DIR}/RxSwift/RxSwift.framework",
				"${BUILT_PRODUCTS_DIR}/RxBlocking/RxBlocking.framework",
				"${BUILT_PRODUCTS_DIR}/RxTest/RxTest.framework",
			);
			name = "[CP] Embed Pods Frameworks";
			outputFileListPaths = (
			);
			outputPaths = (
				"${TARGET_BUILD_DIR}/${FRAMEWORKS_FOLDER_PATH}/RxAtomic.framework",
				"${TARGET_BUILD_DIR}/${FRAMEWORKS_FOLDER_PATH}/RxCocoa.framework",
				"${TARGET_BUILD_DIR}/${FRAMEWORKS_FOLDER_PATH}/RxSwift.framework",
				"${TARGET_BUILD_DIR}/${FRAMEWORKS_FOLDER_PATH}/RxBlocking.framework",
				"${TARGET_BUILD_DIR}/${FRAMEWORKS_FOLDER_PATH}/RxTest.framework",
			);
			runOnlyForDeploymentPostprocessing = 0;
			shellPath = /bin/sh;
			shellScript = "\"${SRCROOT}/Pods/Target Support Files/Pods-DemoTests/Pods-DemoTests-frameworks.sh\"\n";
			showEnvVarsInLog = 0;
		};
		FB74EA02838EC20B21B0E46F /* [CP] Check Pods Manifest.lock */ = {
			isa = PBXShellScriptBuildPhase;
			buildActionMask = 2147483647;
			files = (
			);
			inputFileListPaths = (
			);
			inputPaths = (
				"${PODS_PODFILE_DIR_PATH}/Podfile.lock",
				"${PODS_ROOT}/Manifest.lock",
			);
			name = "[CP] Check Pods Manifest.lock";
			outputFileListPaths = (
			);
			outputPaths = (
				"$(DERIVED_FILE_DIR)/Pods-DemoTests-checkManifestLockResult.txt",
			);
			runOnlyForDeploymentPostprocessing = 0;
			shellPath = /bin/sh;
			shellScript = "diff \"${PODS_PODFILE_DIR_PATH}/Podfile.lock\" \"${PODS_ROOT}/Manifest.lock\" > /dev/null\nif [ $? != 0 ] ; then\n    # print error to STDERR\n    echo \"error: The sandbox is not in sync with the Podfile.lock. Run 'pod install' or update your CocoaPods installation.\" >&2\n    exit 1\nfi\n# This output is used by Xcode 'outputs' to avoid re-running this script phase.\necho \"SUCCESS\" > \"${SCRIPT_OUTPUT_FILE_0}\"\n";
			showEnvVarsInLog = 0;
		};
/* End PBXShellScriptBuildPhase section */

/* Begin PBXSourcesBuildPhase section */
		B476911721427D15003CABF2 /* Sources */ = {
			isa = PBXSourcesBuildPhase;
			buildActionMask = 2147483647;
			files = (
				B429643721FF8C9D006E32E0 /* PostViewModel.swift in Sources */,
				B4CC5ACE2157D5D300FECC3D /* Posts.xcdatamodeld in Sources */,
				B40351EF214599EB000DA66D /* PostDetailViewController.swift in Sources */,
				B47691602142B840003CABF2 /* CDUser.swift in Sources */,
				B4A0048521453352005F2ADD /* PostsEndpoints.swift in Sources */,
				B476915621429DDF003CABF2 /* Comment.swift in Sources */,
				B4D642A32143CBCD005A587F /* Utilities.swift in Sources */,
				B4A0048C2145488F005F2ADD /* Result.swift in Sources */,
				B4DE8C8E21457D74006FDF66 /* PostCellViewModel.swift in Sources */,
				B476915821429DEF003CABF2 /* User.swift in Sources */,
				B4DE8C912145835E006FDF66 /* PostStorageManager.swift in Sources */,
				B403522521472A62000DA66D /* PostDetailView.swift in Sources */,
				B4D642A12143C7C7005A587F /* PostListViewController.swift in Sources */,
				B47A3FDD220053E3005B17EB /* RequestData.swift in Sources */,
				B44E1CA4223244E300C0FFF3 /* ModelStubs.swift in Sources */,
				B4FBC9E021DC2B3600329642 /* RxClient.swift in Sources */,
				B40351F42145D1D6000DA66D /* Endpoint.swift in Sources */,
				B40E46A721695DE2003CCE90 /* CDComment+CoreDataProperties.swift in Sources */,
				B476915C2142B7FB003CABF2 /* CDPost.swift in Sources */,
				B4DE8C8B21457D58006FDF66 /* PostCell.swift in Sources */,
				B4F2CF242142E17900C56ED0 /* CoreDataErrors.swift in Sources */,
				B476915E2142B82C003CABF2 /* CDComment.swift in Sources */,
				B403522821472B15000DA66D /* PostDetailViewModel.swift in Sources */,
				B40E46A321695DE2003CCE90 /* CDUser+CoreDataProperties.swift in Sources */,
				B4DE8C9721459827006FDF66 /* StoryboardIdentifiers.swift in Sources */,
				B40E46A521695DE2003CCE90 /* CDPost+CoreDataProperties.swift in Sources */,
				B4A0048F21454955005F2ADD /* Errors.swift in Sources */,
				B4FBE63C21E6AD0400CD962E /* RxPostsClient.swift in Sources */,
				B486613B222E4D6C00D5E9B9 /* Alert.swift in Sources */,
				B476911F21427D15003CABF2 /* AppDelegate.swift in Sources */,
				B476915421429D76003CABF2 /* Post.swift in Sources */,
			);
			runOnlyForDeploymentPostprocessing = 0;
		};
		B476912E21427D18003CABF2 /* Sources */ = {
			isa = PBXSourcesBuildPhase;
			buildActionMask = 2147483647;
			files = (
				B40E46B121695EEA003CCE90 /* CoreDataTestStack.swift in Sources */,
				B40E46B221695EEA003CCE90 /* CDCommentTests.swift in Sources */,
				B40E46B421696330003CCE90 /* Posts.xcdatamodeld in Sources */,
				B4F06DBF215D02E200F7EEB0 /* PostDetailViewModelTests.swift in Sources */,
				B476AA97222BC0B4000685CC /* RXPostListViewControllerTests.swift in Sources */,
				B4FBC9DE21DC2A5C00329642 /* RxPostClientTests.swift in Sources */,
				B4D642B421441CCF005A587F /* ModelStubs.swift in Sources */,
				B48B8183216E371100BF6640 /* PostStorageManagerTests.swift in Sources */,
				B403520C21467530000DA66D /* CodableCommentTests.swift in Sources */,
				B4860863220595CF002BB32D /* PostViewModelTests.swift in Sources */,
				B4F06DF1215D843100F7EEB0 /* PostDetailViewControllerTests.swift in Sources */,
				B475A61F2178FAE90090CE20 /* PostListTableViewControllerTests.swift in Sources */,
				B4C6B723217D1F7A004AEC57 /* PostDataProviderTests.swift in Sources */,
				B42F5777215C4E050075442C /* PostCellViewModelTests.swift in Sources */,
				B403520A21467518000DA66D /* CodableUserTests.swift in Sources */,
				B40E46B321695EEA003CCE90 /* CDUserTests.swift in Sources */,
				B42F5770215C3AF80075442C /* PostCellTests.swift in Sources */,
				B4035208214674EE000DA66D /* CodablePostTests.swift in Sources */,
				B42F5772215C3BC20075442C /* PostDetailViewTests.swift in Sources */,
				B47A3FDF2200A23B005B17EB /* RequestDataTests.swift in Sources */,
				B4C6B71F217A62CC004AEC57 /* ClientData.swift in Sources */,
				B40352142146BE3A000DA66D /* PostsEndpointsTests.swift in Sources */,
				B48B8181216E35A800BF6640 /* PostListDataSourceTests.swift in Sources */,
				B40E46B021695EEA003CCE90 /* CDPostTests.swift in Sources */,
			);
			runOnlyForDeploymentPostprocessing = 0;
		};
		B476913921427D18003CABF2 /* Sources */ = {
			isa = PBXSourcesBuildPhase;
			buildActionMask = 2147483647;
			files = (
			);
			runOnlyForDeploymentPostprocessing = 0;
		};
/* End PBXSourcesBuildPhase section */

/* Begin PBXTargetDependency section */
		B476913421427D18003CABF2 /* PBXTargetDependency */ = {
			isa = PBXTargetDependency;
			target = B476911A21427D15003CABF2 /* Demo */;
			targetProxy = B476913321427D18003CABF2 /* PBXContainerItemProxy */;
		};
		B476913F21427D18003CABF2 /* PBXTargetDependency */ = {
			isa = PBXTargetDependency;
			target = B476911A21427D15003CABF2 /* Demo */;
			targetProxy = B476913E21427D18003CABF2 /* PBXContainerItemProxy */;
		};
/* End PBXTargetDependency section */

/* Begin PBXVariantGroup section */
		B476912221427D15003CABF2 /* Main.storyboard */ = {
			isa = PBXVariantGroup;
			children = (
				B476912321427D15003CABF2 /* Base */,
			);
			name = Main.storyboard;
			sourceTree = "<group>";
		};
		B476912A21427D18003CABF2 /* LaunchScreen.storyboard */ = {
			isa = PBXVariantGroup;
			children = (
				B476912B21427D18003CABF2 /* Base */,
			);
			name = LaunchScreen.storyboard;
			sourceTree = "<group>";
		};
/* End PBXVariantGroup section */

/* Begin XCBuildConfiguration section */
		B476914421427D18003CABF2 /* Debug */ = {
			isa = XCBuildConfiguration;
			buildSettings = {
				ALWAYS_SEARCH_USER_PATHS = NO;
				CLANG_ANALYZER_NONNULL = YES;
				CLANG_ANALYZER_NUMBER_OBJECT_CONVERSION = YES_AGGRESSIVE;
				CLANG_CXX_LANGUAGE_STANDARD = "gnu++14";
				CLANG_CXX_LIBRARY = "libc++";
				CLANG_ENABLE_MODULES = YES;
				CLANG_ENABLE_OBJC_ARC = YES;
				CLANG_ENABLE_OBJC_WEAK = YES;
				CLANG_WARN_BLOCK_CAPTURE_AUTORELEASING = YES;
				CLANG_WARN_BOOL_CONVERSION = YES;
				CLANG_WARN_COMMA = YES;
				CLANG_WARN_CONSTANT_CONVERSION = YES;
				CLANG_WARN_DEPRECATED_OBJC_IMPLEMENTATIONS = YES;
				CLANG_WARN_DIRECT_OBJC_ISA_USAGE = YES_ERROR;
				CLANG_WARN_DOCUMENTATION_COMMENTS = YES;
				CLANG_WARN_EMPTY_BODY = YES;
				CLANG_WARN_ENUM_CONVERSION = YES;
				CLANG_WARN_INFINITE_RECURSION = YES;
				CLANG_WARN_INT_CONVERSION = YES;
				CLANG_WARN_NON_LITERAL_NULL_CONVERSION = YES;
				CLANG_WARN_OBJC_IMPLICIT_RETAIN_SELF = YES;
				CLANG_WARN_OBJC_LITERAL_CONVERSION = YES;
				CLANG_WARN_OBJC_ROOT_CLASS = YES_ERROR;
				CLANG_WARN_RANGE_LOOP_ANALYSIS = YES;
				CLANG_WARN_STRICT_PROTOTYPES = YES;
				CLANG_WARN_SUSPICIOUS_MOVE = YES;
				CLANG_WARN_UNGUARDED_AVAILABILITY = YES_AGGRESSIVE;
				CLANG_WARN_UNREACHABLE_CODE = YES;
				CLANG_WARN__DUPLICATE_METHOD_MATCH = YES;
				CODE_SIGN_IDENTITY = "iPhone Developer";
				COPY_PHASE_STRIP = NO;
				DEBUG_INFORMATION_FORMAT = dwarf;
				ENABLE_STRICT_OBJC_MSGSEND = YES;
				ENABLE_TESTABILITY = YES;
				GCC_C_LANGUAGE_STANDARD = gnu11;
				GCC_DYNAMIC_NO_PIC = NO;
				GCC_NO_COMMON_BLOCKS = YES;
				GCC_OPTIMIZATION_LEVEL = 0;
				GCC_PREPROCESSOR_DEFINITIONS = (
					"DEBUG=1",
					"$(inherited)",
				);
				GCC_WARN_64_TO_32_BIT_CONVERSION = YES;
				GCC_WARN_ABOUT_RETURN_TYPE = YES_ERROR;
				GCC_WARN_UNDECLARED_SELECTOR = YES;
				GCC_WARN_UNINITIALIZED_AUTOS = YES_AGGRESSIVE;
				GCC_WARN_UNUSED_FUNCTION = YES;
				GCC_WARN_UNUSED_VARIABLE = YES;
				IPHONEOS_DEPLOYMENT_TARGET = 11.4;
				MTL_ENABLE_DEBUG_INFO = YES;
				ONLY_ACTIVE_ARCH = YES;
				SDKROOT = iphoneos;
				SWIFT_ACTIVE_COMPILATION_CONDITIONS = DEBUG;
				SWIFT_OPTIMIZATION_LEVEL = "-Onone";
			};
			name = Debug;
		};
		B476914521427D18003CABF2 /* Release */ = {
			isa = XCBuildConfiguration;
			buildSettings = {
				ALWAYS_SEARCH_USER_PATHS = NO;
				CLANG_ANALYZER_NONNULL = YES;
				CLANG_ANALYZER_NUMBER_OBJECT_CONVERSION = YES_AGGRESSIVE;
				CLANG_CXX_LANGUAGE_STANDARD = "gnu++14";
				CLANG_CXX_LIBRARY = "libc++";
				CLANG_ENABLE_MODULES = YES;
				CLANG_ENABLE_OBJC_ARC = YES;
				CLANG_ENABLE_OBJC_WEAK = YES;
				CLANG_WARN_BLOCK_CAPTURE_AUTORELEASING = YES;
				CLANG_WARN_BOOL_CONVERSION = YES;
				CLANG_WARN_COMMA = YES;
				CLANG_WARN_CONSTANT_CONVERSION = YES;
				CLANG_WARN_DEPRECATED_OBJC_IMPLEMENTATIONS = YES;
				CLANG_WARN_DIRECT_OBJC_ISA_USAGE = YES_ERROR;
				CLANG_WARN_DOCUMENTATION_COMMENTS = YES;
				CLANG_WARN_EMPTY_BODY = YES;
				CLANG_WARN_ENUM_CONVERSION = YES;
				CLANG_WARN_INFINITE_RECURSION = YES;
				CLANG_WARN_INT_CONVERSION = YES;
				CLANG_WARN_NON_LITERAL_NULL_CONVERSION = YES;
				CLANG_WARN_OBJC_IMPLICIT_RETAIN_SELF = YES;
				CLANG_WARN_OBJC_LITERAL_CONVERSION = YES;
				CLANG_WARN_OBJC_ROOT_CLASS = YES_ERROR;
				CLANG_WARN_RANGE_LOOP_ANALYSIS = YES;
				CLANG_WARN_STRICT_PROTOTYPES = YES;
				CLANG_WARN_SUSPICIOUS_MOVE = YES;
				CLANG_WARN_UNGUARDED_AVAILABILITY = YES_AGGRESSIVE;
				CLANG_WARN_UNREACHABLE_CODE = YES;
				CLANG_WARN__DUPLICATE_METHOD_MATCH = YES;
				CODE_SIGN_IDENTITY = "iPhone Developer";
				COPY_PHASE_STRIP = NO;
				DEBUG_INFORMATION_FORMAT = "dwarf-with-dsym";
				ENABLE_NS_ASSERTIONS = NO;
				ENABLE_STRICT_OBJC_MSGSEND = YES;
				GCC_C_LANGUAGE_STANDARD = gnu11;
				GCC_NO_COMMON_BLOCKS = YES;
				GCC_WARN_64_TO_32_BIT_CONVERSION = YES;
				GCC_WARN_ABOUT_RETURN_TYPE = YES_ERROR;
				GCC_WARN_UNDECLARED_SELECTOR = YES;
				GCC_WARN_UNINITIALIZED_AUTOS = YES_AGGRESSIVE;
				GCC_WARN_UNUSED_FUNCTION = YES;
				GCC_WARN_UNUSED_VARIABLE = YES;
				IPHONEOS_DEPLOYMENT_TARGET = 11.4;
				MTL_ENABLE_DEBUG_INFO = NO;
				SDKROOT = iphoneos;
				SWIFT_COMPILATION_MODE = wholemodule;
				SWIFT_OPTIMIZATION_LEVEL = "-O";
				VALIDATE_PRODUCT = YES;
			};
			name = Release;
		};
		B476914721427D18003CABF2 /* Debug */ = {
			isa = XCBuildConfiguration;
			baseConfigurationReference = 579A599C20D59C48B0606E6D /* Pods-Demo.debug.xcconfig */;
			buildSettings = {
				ASSETCATALOG_COMPILER_APPICON_NAME = AppIcon;
				CODE_SIGN_STYLE = Automatic;
				DEVELOPMENT_TEAM = 49CT65B35K;
				INFOPLIST_FILE = Demo/Supporting/Info.plist;
				LD_RUNPATH_SEARCH_PATHS = (
					"$(inherited)",
					"@executable_path/Frameworks",
				);
				PRODUCT_BUNDLE_IDENTIFIER = com.gmjt.Demo;
				PRODUCT_NAME = "$(TARGET_NAME)";
				SWIFT_VERSION = 4.0;
				TARGETED_DEVICE_FAMILY = "1,2";
			};
			name = Debug;
		};
		B476914821427D18003CABF2 /* Release */ = {
			isa = XCBuildConfiguration;
			baseConfigurationReference = 0252BC3A93888584686A4DBF /* Pods-Demo.release.xcconfig */;
			buildSettings = {
				ASSETCATALOG_COMPILER_APPICON_NAME = AppIcon;
				CODE_SIGN_STYLE = Automatic;
				DEVELOPMENT_TEAM = 49CT65B35K;
				INFOPLIST_FILE = Demo/Supporting/Info.plist;
				LD_RUNPATH_SEARCH_PATHS = (
					"$(inherited)",
					"@executable_path/Frameworks",
				);
				PRODUCT_BUNDLE_IDENTIFIER = com.gmjt.Demo;
				PRODUCT_NAME = "$(TARGET_NAME)";
				SWIFT_VERSION = 4.0;
				TARGETED_DEVICE_FAMILY = "1,2";
			};
			name = Release;
		};
		B476914A21427D18003CABF2 /* Debug */ = {
			isa = XCBuildConfiguration;
			baseConfigurationReference = 134E7C0C90E49CE34EE289AF /* Pods-DemoTests.debug.xcconfig */;
			buildSettings = {
				ALWAYS_EMBED_SWIFT_STANDARD_LIBRARIES = YES;
				BUNDLE_LOADER = "$(TEST_HOST)";
				CODE_SIGN_STYLE = Automatic;
				DEVELOPMENT_TEAM = 49CT65B35K;
				INFOPLIST_FILE = DemoTests/Info.plist;
				LD_RUNPATH_SEARCH_PATHS = (
					"$(inherited)",
					"@executable_path/Frameworks",
					"@loader_path/Frameworks",
				);
				PRODUCT_BUNDLE_IDENTIFIER = com.gmjt.DemoTests;
				PRODUCT_NAME = "$(TARGET_NAME)";
				SWIFT_VERSION = 4.0;
				TARGETED_DEVICE_FAMILY = "1,2";
				TEST_HOST = "$(BUILT_PRODUCTS_DIR)/Demo.app/Demo";
			};
			name = Debug;
		};
		B476914B21427D18003CABF2 /* Release */ = {
			isa = XCBuildConfiguration;
			baseConfigurationReference = 8A9F1EB76F2254089F78EC56 /* Pods-DemoTests.release.xcconfig */;
			buildSettings = {
				ALWAYS_EMBED_SWIFT_STANDARD_LIBRARIES = YES;
				BUNDLE_LOADER = "$(TEST_HOST)";
				CODE_SIGN_STYLE = Automatic;
				DEVELOPMENT_TEAM = 49CT65B35K;
				INFOPLIST_FILE = DemoTests/Info.plist;
				LD_RUNPATH_SEARCH_PATHS = (
					"$(inherited)",
					"@executable_path/Frameworks",
					"@loader_path/Frameworks",
				);
				PRODUCT_BUNDLE_IDENTIFIER = com.gmjt.DemoTests;
				PRODUCT_NAME = "$(TARGET_NAME)";
				SWIFT_VERSION = 4.0;
				TARGETED_DEVICE_FAMILY = "1,2";
				TEST_HOST = "$(BUILT_PRODUCTS_DIR)/Demo.app/Demo";
			};
			name = Release;
		};
		B476914D21427D18003CABF2 /* Debug */ = {
			isa = XCBuildConfiguration;
			buildSettings = {
				ALWAYS_EMBED_SWIFT_STANDARD_LIBRARIES = YES;
				CODE_SIGN_STYLE = Automatic;
				DEVELOPMENT_TEAM = 49CT65B35K;
				INFOPLIST_FILE = DemoUITests/Info.plist;
				LD_RUNPATH_SEARCH_PATHS = (
					"$(inherited)",
					"@executable_path/Frameworks",
					"@loader_path/Frameworks",
				);
				PRODUCT_BUNDLE_IDENTIFIER = com.gmjt.BabylonDemoUITests;
				PRODUCT_NAME = "$(TARGET_NAME)";
				PROVISIONING_PROFILE = "";
				SWIFT_VERSION = 4.0;
				TARGETED_DEVICE_FAMILY = "1,2";
			};
			name = Debug;
		};
		B476914E21427D18003CABF2 /* Release */ = {
			isa = XCBuildConfiguration;
			buildSettings = {
				ALWAYS_EMBED_SWIFT_STANDARD_LIBRARIES = YES;
				CODE_SIGN_STYLE = Automatic;
				DEVELOPMENT_TEAM = 49CT65B35K;
				INFOPLIST_FILE = DemoUITests/Info.plist;
				LD_RUNPATH_SEARCH_PATHS = (
					"$(inherited)",
					"@executable_path/Frameworks",
					"@loader_path/Frameworks",
				);
				PRODUCT_BUNDLE_IDENTIFIER = com.gmjt.BabylonDemoUITests;
				PRODUCT_NAME = "$(TARGET_NAME)";
				PROVISIONING_PROFILE = "";
				SWIFT_VERSION = 4.0;
				TARGETED_DEVICE_FAMILY = "1,2";
			};
			name = Release;
		};
/* End XCBuildConfiguration section */

/* Begin XCConfigurationList section */
		B476911621427D15003CABF2 /* Build configuration list for PBXProject "Demo" */ = {
			isa = XCConfigurationList;
			buildConfigurations = (
				B476914421427D18003CABF2 /* Debug */,
				B476914521427D18003CABF2 /* Release */,
			);
			defaultConfigurationIsVisible = 0;
			defaultConfigurationName = Release;
		};
		B476914621427D18003CABF2 /* Build configuration list for PBXNativeTarget "Demo" */ = {
			isa = XCConfigurationList;
			buildConfigurations = (
				B476914721427D18003CABF2 /* Debug */,
				B476914821427D18003CABF2 /* Release */,
			);
			defaultConfigurationIsVisible = 0;
			defaultConfigurationName = Release;
		};
		B476914921427D18003CABF2 /* Build configuration list for PBXNativeTarget "DemoTests" */ = {
			isa = XCConfigurationList;
			buildConfigurations = (
				B476914A21427D18003CABF2 /* Debug */,
				B476914B21427D18003CABF2 /* Release */,
			);
			defaultConfigurationIsVisible = 0;
			defaultConfigurationName = Release;
		};
		B476914C21427D18003CABF2 /* Build configuration list for PBXNativeTarget "DemoUITests" */ = {
			isa = XCConfigurationList;
			buildConfigurations = (
				B476914D21427D18003CABF2 /* Debug */,
				B476914E21427D18003CABF2 /* Release */,
			);
			defaultConfigurationIsVisible = 0;
			defaultConfigurationName = Release;
		};
/* End XCConfigurationList section */

/* Begin XCVersionGroup section */
		B4CC5ACC2157D5D300FECC3D /* Posts.xcdatamodeld */ = {
			isa = XCVersionGroup;
			children = (
				B4CC5ACD2157D5D300FECC3D /* Posts.xcdatamodel */,
			);
			currentVersion = B4CC5ACD2157D5D300FECC3D /* Posts.xcdatamodel */;
			path = Posts.xcdatamodeld;
			sourceTree = "<group>";
			versionGroupType = wrapper.xcdatamodel;
		};
/* End XCVersionGroup section */
	};
	rootObject = B476911321427D15003CABF2 /* Project object */;
}
